
Microsoft Visual Studio Solution File, Format Version 12.00
Project("{FAE04EC0-301F-11D3-BF4B-00C04F79EFBC}") = "AspNet-WebApi-Versioning", "AspNet-WebApi-Versioning\AspNet-WebApi-Versioning.csproj", "{1EB610D3-873C-409A-88BA-48C64ABEEDA1}"
EndProject
Global
	GlobalSection(SolutionConfigurationPlatforms) = preSolution
		Debug|Any CPU = Debug|Any CPU
		Release|Any CPU = Release|Any CPU
	EndGlobalSection
	GlobalSection(ProjectConfigurationPlatforms) = postSolution
		{1EB610D3-873C-409A-88BA-48C64ABEEDA1}.Debug|Any CPU.ActiveCfg = Debug|Any CPU
		{1EB610D3-873C-409A-88BA-48C64ABEEDA1}.Debug|Any CPU.Build.0 = Debug|Any CPU
		{1EB610D3-873C-409A-88BA-48C64ABEEDA1}.Release|Any CPU.ActiveCfg = Release|Any CPU
		{1EB610D3-873C-409A-88BA-48C64ABEEDA1}.Release|Any CPU.Build.0 = Release|Any CPU
	EndGlobalSection
EndGlobal
